
Microsoft Visual Studio Solution File, Format Version 12.00
# Visual Studio Version 17
VisualStudioVersion = 17.6.33723.286
MinimumVisualStudioVersion = 10.0.40219.1
Project("{FAE04EC0-301F-11D3-BF4B-00C04F79EFBC}") = "GardeningV2", "GardeningV2\GardeningV2.csproj", "{241293EF-DC4A-40AC-9C38-918B698BD8AE}"
EndProject
Global
	GlobalSection(SolutionConfigurationPlatforms) = preSolution
		Debug|Any CPU = Debug|Any CPU
		Release|Any CPU = Release|Any CPU
	EndGlobalSection
	GlobalSection(ProjectConfigurationPlatforms) = postSolution
		{241293EF-DC4A-40AC-9C38-918B698BD8AE}.Debug|Any CPU.ActiveCfg = Debug|Any CPU
		{241293EF-DC4A-40AC-9C38-918B698BD8AE}.Debug|Any CPU.Build.0 = Debug|Any CPU
		{241293EF-DC4A-40AC-9C38-918B698BD8AE}.Release|Any CPU.ActiveCfg = Release|Any CPU
		{241293EF-DC4A-40AC-9C38-918B698BD8AE}.Release|Any CPU.Build.0 = Release|Any CPU
	EndGlobalSection
	GlobalSection(SolutionProperties) = preSolution
		HideSolutionNode = FALSE
	EndGlobalSection
	GlobalSection(ExtensibilityGlobals) = postSolution
		SolutionGuid = {D46FF57A-88EE-41CB-9D91-0264951D6A42}
	EndGlobalSection
EndGlobal
